
Microsoft Visual Studio Solution File, Format Version 12.00
# Visual Studio 15
VisualStudioVersion = 15.0.28307.1169
MinimumVisualStudioVersion = 10.0.40219.1
Project("{FAE04EC0-301F-11D3-BF4B-00C04F79EFBC}") = "MyShop.Core", "MyShop.Core\MyShop.Core.csproj", "{C06207B2-6591-4A5A-861C-5FC9B0531269}"
EndProject
Project("{FAE04EC0-301F-11D3-BF4B-00C04F79EFBC}") = "MyShop.Services", "MyShop.Services\MyShop.Services.csproj", "{C043AE20-45DA-48BB-9D4F-85B46ABD0F68}"
EndProject
Project("{FAE04EC0-301F-11D3-BF4B-00C04F79EFBC}") = "MyShop.DataAccess.SQL", "MyShop.DataAccess.SQL\MyShop.DataAccess.SQL.csproj", "{23B001F8-811B-498C-AB0C-BBD80BAE4996}"
EndProject
Project("{FAE04EC0-301F-11D3-BF4B-00C04F79EFBC}") = "MyShop.DataAccess.InMemory", "MyShop.DataAccess.InMemory\MyShop.DataAccess.InMemory.csproj", "{03F93F5D-D078-4DB1-8E6B-2F149C839E6F}"
EndProject
Project("{FAE04EC0-301F-11D3-BF4B-00C04F79EFBC}") = "MyShop.WebUI", "MyShop.WebUI\MyShop.WebUI.csproj", "{B373414D-E713-48A2-879C-D56EA7192A71}"
EndProject
Project("{FAE04EC0-301F-11D3-BF4B-00C04F79EFBC}") = "MyShop.WebUI.Tests", "MyShop.WebUI.Tests\MyShop.WebUI.Tests.csproj", "{B733532A-D0E8-48BA-9F0E-8B3BCC0904BD}"
EndProject
Global
	GlobalSection(SolutionConfigurationPlatforms) = preSolution
		Debug|Any CPU = Debug|Any CPU
		Release|Any CPU = Release|Any CPU
	EndGlobalSection
	GlobalSection(ProjectConfigurationPlatforms) = postSolution
		{C06207B2-6591-4A5A-861C-5FC9B0531269}.Debug|Any CPU.ActiveCfg = Debug|Any CPU
		{C06207B2-6591-4A5A-861C-5FC9B0531269}.Debug|Any CPU.Build.0 = Debug|Any CPU
		{C06207B2-6591-4A5A-861C-5FC9B0531269}.Release|Any CPU.ActiveCfg = Release|Any CPU
		{C06207B2-6591-4A5A-861C-5FC9B0531269}.Release|Any CPU.Build.0 = Release|Any CPU
		{C043AE20-45DA-48BB-9D4F-85B46ABD0F68}.Debug|Any CPU.ActiveCfg = Debug|Any CPU
		{C043AE20-45DA-48BB-9D4F-85B46ABD0F68}.Debug|Any CPU.Build.0 = Debug|Any CPU
		{C043AE20-45DA-48BB-9D4F-85B46ABD0F68}.Release|Any CPU.ActiveCfg = Release|Any CPU
		{C043AE20-45DA-48BB-9D4F-85B46ABD0F68}.Release|Any CPU.Build.0 = Release|Any CPU
		{23B001F8-811B-498C-AB0C-BBD80BAE4996}.Debug|Any CPU.ActiveCfg = Debug|Any CPU
		{23B001F8-811B-498C-AB0C-BBD80BAE4996}.Debug|Any CPU.Build.0 = Debug|Any CPU
		{23B001F8-811B-498C-AB0C-BBD80BAE4996}.Release|Any CPU.ActiveCfg = Release|Any CPU
		{23B001F8-811B-498C-AB0C-BBD80BAE4996}.Release|Any CPU.Build.0 = Release|Any CPU
		{03F93F5D-D078-4DB1-8E6B-2F149C839E6F}.Debug|Any CPU.ActiveCfg = Debug|Any CPU
		{03F93F5D-D078-4DB1-8E6B-2F149C839E6F}.Debug|Any CPU.Build.0 = Debug|Any CPU
		{03F93F5D-D078-4DB1-8E6B-2F149C839E6F}.Release|Any CPU.ActiveCfg = Release|Any CPU
		{03F93F5D-D078-4DB1-8E6B-2F149C839E6F}.Release|Any CPU.Build.0 = Release|Any CPU
		{B373414D-E713-48A2-879C-D56EA7192A71}.Debug|Any CPU.ActiveCfg = Debug|Any CPU
		{B373414D-E713-48A2-879C-D56EA7192A71}.Debug|Any CPU.Build.0 = Debug|Any CPU
		{B373414D-E713-48A2-879C-D56EA7192A71}.Release|Any CPU.ActiveCfg = Release|Any CPU
		{B373414D-E713-48A2-879C-D56EA7192A71}.Release|Any CPU.Build.0 = Release|Any CPU
		{B733532A-D0E8-48BA-9F0E-8B3BCC0904BD}.Debug|Any CPU.ActiveCfg = Debug|Any CPU
		{B733532A-D0E8-48BA-9F0E-8B3BCC0904BD}.Debug|Any CPU.Build.0 = Debug|Any CPU
		{B733532A-D0E8-48BA-9F0E-8B3BCC0904BD}.Release|Any CPU.ActiveCfg = Release|Any CPU
		{B733532A-D0E8-48BA-9F0E-8B3BCC0904BD}.Release|Any CPU.Build.0 = Release|Any CPU
	EndGlobalSection
	GlobalSection(SolutionProperties) = preSolution
		HideSolutionNode = FALSE
	EndGlobalSection
	GlobalSection(ExtensibilityGlobals) = postSolution
		SolutionGuid = {6B622987-929C-4432-93D5-65102D89C106}
	EndGlobalSection
EndGlobal
